
Microsoft Visual Studio Solution File, Format Version 12.00
Project("{2150E333-8FDC-42A3-9474-1A3956D46DE8}") = "BusinessLogicLayer", "BusinessLogicLayer", "{4619ABCE-FACC-44A2-943B-63DE950A086D}"
EndProject
Project("{2150E333-8FDC-42A3-9474-1A3956D46DE8}") = "DataAccessLayer", "DataAccessLayer", "{30840179-C2E9-419D-80C6-DA560A27D466}"
EndProject
Project("{2150E333-8FDC-42A3-9474-1A3956D46DE8}") = "Common", "Common", "{ECD0860A-0B1A-4218-9216-AD70AA348627}"
EndProject
Project("{2150E333-8FDC-42A3-9474-1A3956D46DE8}") = "PresentationLayer", "PresentationLayer", "{85D6E394-48F5-4142-942C-8315F77DCB40}"
EndProject
Project("{FAE04EC0-301F-11D3-BF4B-00C04F79EFBC}") = "Note.Model", "Note.Model\Note.Model.csproj", "{58018902-A0E7-47A3-80C3-BD44539E3BDA}"
EndProject
Project("{FAE04EC0-301F-11D3-BF4B-00C04F79EFBC}") = "Note.IDAL", "Note.IDAL\Note.IDAL.csproj", "{257E5FBF-C2D1-4058-AA2A-D06731CFB94C}"
EndProject
Project("{FAE04EC0-301F-11D3-BF4B-00C04F79EFBC}") = "Note.DAL", "Note.DAL\Note.DAL.csproj", "{3EB8791E-E4BF-47AB-9430-A5121028D2CC}"
EndProject
Project("{FAE04EC0-301F-11D3-BF4B-00C04F79EFBC}") = "Note.BLL", "Note.BLL\Note.BLL.csproj", "{8D8BC09B-89F4-4DEB-AA42-1785FBDA621B}"
EndProject
Project("{FAE04EC0-301F-11D3-BF4B-00C04F79EFBC}") = "Note.MVC", "Note.MVC\Note.MVC.csproj", "{7009AA67-94C9-4B56-8CE5-19B1DBE5B96F}"
EndProject
Project("{FAE04EC0-301F-11D3-BF4B-00C04F79EFBC}") = "IDTest", "IDTest\IDTest.csproj", "{D50F315F-87D2-41D6-AF23-592C99C84E29}"
EndProject
Global
	GlobalSection(SolutionConfigurationPlatforms) = preSolution
		Debug|Any CPU = Debug|Any CPU
		Release|Any CPU = Release|Any CPU
	EndGlobalSection
	GlobalSection(NestedProjects) = preSolution
		{58018902-A0E7-47A3-80C3-BD44539E3BDA} = {ECD0860A-0B1A-4218-9216-AD70AA348627}
		{257E5FBF-C2D1-4058-AA2A-D06731CFB94C} = {30840179-C2E9-419D-80C6-DA560A27D466}
		{3EB8791E-E4BF-47AB-9430-A5121028D2CC} = {30840179-C2E9-419D-80C6-DA560A27D466}
		{8D8BC09B-89F4-4DEB-AA42-1785FBDA621B} = {4619ABCE-FACC-44A2-943B-63DE950A086D}
		{7009AA67-94C9-4B56-8CE5-19B1DBE5B96F} = {85D6E394-48F5-4142-942C-8315F77DCB40}
	EndGlobalSection
	GlobalSection(ProjectConfigurationPlatforms) = postSolution
		{58018902-A0E7-47A3-80C3-BD44539E3BDA}.Debug|Any CPU.ActiveCfg = Debug|Any CPU
		{58018902-A0E7-47A3-80C3-BD44539E3BDA}.Debug|Any CPU.Build.0 = Debug|Any CPU
		{58018902-A0E7-47A3-80C3-BD44539E3BDA}.Release|Any CPU.ActiveCfg = Release|Any CPU
		{58018902-A0E7-47A3-80C3-BD44539E3BDA}.Release|Any CPU.Build.0 = Release|Any CPU
		{257E5FBF-C2D1-4058-AA2A-D06731CFB94C}.Debug|Any CPU.ActiveCfg = Debug|Any CPU
		{257E5FBF-C2D1-4058-AA2A-D06731CFB94C}.Debug|Any CPU.Build.0 = Debug|Any CPU
		{257E5FBF-C2D1-4058-AA2A-D06731CFB94C}.Release|Any CPU.ActiveCfg = Release|Any CPU
		{257E5FBF-C2D1-4058-AA2A-D06731CFB94C}.Release|Any CPU.Build.0 = Release|Any CPU
		{3EB8791E-E4BF-47AB-9430-A5121028D2CC}.Debug|Any CPU.ActiveCfg = Debug|Any CPU
		{3EB8791E-E4BF-47AB-9430-A5121028D2CC}.Debug|Any CPU.Build.0 = Debug|Any CPU
		{3EB8791E-E4BF-47AB-9430-A5121028D2CC}.Release|Any CPU.ActiveCfg = Release|Any CPU
		{3EB8791E-E4BF-47AB-9430-A5121028D2CC}.Release|Any CPU.Build.0 = Release|Any CPU
		{8D8BC09B-89F4-4DEB-AA42-1785FBDA621B}.Debug|Any CPU.ActiveCfg = Debug|Any CPU
		{8D8BC09B-89F4-4DEB-AA42-1785FBDA621B}.Debug|Any CPU.Build.0 = Debug|Any CPU
		{8D8BC09B-89F4-4DEB-AA42-1785FBDA621B}.Release|Any CPU.ActiveCfg = Release|Any CPU
		{8D8BC09B-89F4-4DEB-AA42-1785FBDA621B}.Release|Any CPU.Build.0 = Release|Any CPU
		{7009AA67-94C9-4B56-8CE5-19B1DBE5B96F}.Debug|Any CPU.ActiveCfg = Debug|Any CPU
		{7009AA67-94C9-4B56-8CE5-19B1DBE5B96F}.Debug|Any CPU.Build.0 = Debug|Any CPU
		{7009AA67-94C9-4B56-8CE5-19B1DBE5B96F}.Release|Any CPU.ActiveCfg = Release|Any CPU
		{7009AA67-94C9-4B56-8CE5-19B1DBE5B96F}.Release|Any CPU.Build.0 = Release|Any CPU
		{D50F315F-87D2-41D6-AF23-592C99C84E29}.Debug|Any CPU.ActiveCfg = Debug|Any CPU
		{D50F315F-87D2-41D6-AF23-592C99C84E29}.Debug|Any CPU.Build.0 = Debug|Any CPU
		{D50F315F-87D2-41D6-AF23-592C99C84E29}.Release|Any CPU.ActiveCfg = Release|Any CPU
		{D50F315F-87D2-41D6-AF23-592C99C84E29}.Release|Any CPU.Build.0 = Release|Any CPU
	EndGlobalSection
EndGlobal
